
Microsoft Visual Studio Solution File, Format Version 12.00
# Visual Studio Version 16
VisualStudioVersion = 25.0.1706.7
MinimumVisualStudioVersion = 10.0.40219.1
Project("{FAE04EC0-301F-11D3-BF4B-00C04F79EFBC}") = "Day1", "Day1\Day1.csproj", "{AD26D1A7-AE73-40FB-85D0-6F9AE0A15521}"
EndProject
Global
	GlobalSection(SolutionConfigurationPlatforms) = preSolution
		Debug|Any CPU = Debug|Any CPU
		Release|Any CPU = Release|Any CPU
	EndGlobalSection
	GlobalSection(ProjectConfigurationPlatforms) = postSolution
		{AD26D1A7-AE73-40FB-85D0-6F9AE0A15521}.Debug|Any CPU.ActiveCfg = Debug|Any CPU
		{AD26D1A7-AE73-40FB-85D0-6F9AE0A15521}.Debug|Any CPU.Build.0 = Debug|Any CPU
		{AD26D1A7-AE73-40FB-85D0-6F9AE0A15521}.Release|Any CPU.ActiveCfg = Release|Any CPU
		{AD26D1A7-AE73-40FB-85D0-6F9AE0A15521}.Release|Any CPU.Build.0 = Release|Any CPU
	EndGlobalSection
	GlobalSection(SolutionProperties) = preSolution
		HideSolutionNode = FALSE
	EndGlobalSection
	GlobalSection(ExtensibilityGlobals) = postSolution
		SolutionGuid = {640B5E3A-709B-4E7F-BEE7-3F4BDA9C32E1}
	EndGlobalSection
EndGlobal
