
Microsoft Visual Studio Solution File, Format Version 12.00
# Visual Studio Version 16
VisualStudioVersion = 25.0.1706.7
MinimumVisualStudioVersion = 10.0.40219.1
Project("{FAE04EC0-301F-11D3-BF4B-00C04F79EFBC}") = "Day-6", "Day-6.csproj", "{B62CAB8C-053B-4590-A8FA-A94DB0E8E6D1}"
EndProject
Global
	GlobalSection(SolutionConfigurationPlatforms) = preSolution
		Debug|Any CPU = Debug|Any CPU
		Release|Any CPU = Release|Any CPU
	EndGlobalSection
	GlobalSection(ProjectConfigurationPlatforms) = postSolution
		{B62CAB8C-053B-4590-A8FA-A94DB0E8E6D1}.Debug|Any CPU.ActiveCfg = Debug|Any CPU
		{B62CAB8C-053B-4590-A8FA-A94DB0E8E6D1}.Debug|Any CPU.Build.0 = Debug|Any CPU
		{B62CAB8C-053B-4590-A8FA-A94DB0E8E6D1}.Release|Any CPU.ActiveCfg = Release|Any CPU
		{B62CAB8C-053B-4590-A8FA-A94DB0E8E6D1}.Release|Any CPU.Build.0 = Release|Any CPU
	EndGlobalSection
	GlobalSection(SolutionProperties) = preSolution
		HideSolutionNode = FALSE
	EndGlobalSection
	GlobalSection(ExtensibilityGlobals) = postSolution
		SolutionGuid = {CE79AF3C-56AD-443F-B6F7-4C34D88DEE89}
	EndGlobalSection
EndGlobal
