
Microsoft Visual Studio Solution File, Format Version 12.00
# Visual Studio Version 16
VisualStudioVersion = 25.0.1706.7
MinimumVisualStudioVersion = 10.0.40219.1
Project("{FAE04EC0-301F-11D3-BF4B-00C04F79EFBC}") = "Day2", "Day2\Day2.csproj", "{C76475D1-E849-4AB2-9DAB-0566246834CC}"
EndProject
Global
	GlobalSection(SolutionConfigurationPlatforms) = preSolution
		Debug|Any CPU = Debug|Any CPU
		Release|Any CPU = Release|Any CPU
	EndGlobalSection
	GlobalSection(ProjectConfigurationPlatforms) = postSolution
		{C76475D1-E849-4AB2-9DAB-0566246834CC}.Debug|Any CPU.ActiveCfg = Debug|Any CPU
		{C76475D1-E849-4AB2-9DAB-0566246834CC}.Debug|Any CPU.Build.0 = Debug|Any CPU
		{C76475D1-E849-4AB2-9DAB-0566246834CC}.Release|Any CPU.ActiveCfg = Release|Any CPU
		{C76475D1-E849-4AB2-9DAB-0566246834CC}.Release|Any CPU.Build.0 = Release|Any CPU
	EndGlobalSection
	GlobalSection(SolutionProperties) = preSolution
		HideSolutionNode = FALSE
	EndGlobalSection
	GlobalSection(ExtensibilityGlobals) = postSolution
		SolutionGuid = {AEDE042A-8944-4809-8294-B42098B35DB5}
	EndGlobalSection
EndGlobal
